
Microsoft Visual Studio Solution File, Format Version 12.00
# Visual Studio 14
VisualStudioVersion = 14.0.25420.1
MinimumVisualStudioVersion = 10.0.40219.1
Project("{FAE04EC0-301F-11D3-BF4B-00C04F79EFBC}") = "Legacy.Core", "Legacy.Core\Legacy.Core.csproj", "{4C7C0F18-2DF7-4C2F-AD90-62B9851A74B2}"
EndProject
Project("{FAE04EC0-301F-11D3-BF4B-00C04F79EFBC}") = "Legacy.ExtensionMethods", "Legacy.ExtensionMethods\Legacy.ExtensionMethods.csproj", "{7DF852AD-58B1-44CE-BA20-FB03C207B75D}"
EndProject
Project("{FAE04EC0-301F-11D3-BF4B-00C04F79EFBC}") = "Legacy.Source", "Legacy.Source\Legacy.Source.csproj", "{F4B6E4F1-91BB-4DA4-9607-F87F24835E2D}"
EndProject
Global
	GlobalSection(SolutionConfigurationPlatforms) = preSolution
		Debug|Any CPU = Debug|Any CPU
		Release|Any CPU = Release|Any CPU
	EndGlobalSection
	GlobalSection(ProjectConfigurationPlatforms) = postSolution
		{4C7C0F18-2DF7-4C2F-AD90-62B9851A74B2}.Debug|Any CPU.ActiveCfg = Debug|Any CPU
		{4C7C0F18-2DF7-4C2F-AD90-62B9851A74B2}.Debug|Any CPU.Build.0 = Debug|Any CPU
		{4C7C0F18-2DF7-4C2F-AD90-62B9851A74B2}.Release|Any CPU.ActiveCfg = Release|Any CPU
		{4C7C0F18-2DF7-4C2F-AD90-62B9851A74B2}.Release|Any CPU.Build.0 = Release|Any CPU
		{7DF852AD-58B1-44CE-BA20-FB03C207B75D}.Debug|Any CPU.ActiveCfg = Debug|Any CPU
		{7DF852AD-58B1-44CE-BA20-FB03C207B75D}.Debug|Any CPU.Build.0 = Debug|Any CPU
		{7DF852AD-58B1-44CE-BA20-FB03C207B75D}.Release|Any CPU.ActiveCfg = Release|Any CPU
		{7DF852AD-58B1-44CE-BA20-FB03C207B75D}.Release|Any CPU.Build.0 = Release|Any CPU
		{F4B6E4F1-91BB-4DA4-9607-F87F24835E2D}.Debug|Any CPU.ActiveCfg = Debug|Any CPU
		{F4B6E4F1-91BB-4DA4-9607-F87F24835E2D}.Debug|Any CPU.Build.0 = Debug|Any CPU
		{F4B6E4F1-91BB-4DA4-9607-F87F24835E2D}.Release|Any CPU.ActiveCfg = Release|Any CPU
		{F4B6E4F1-91BB-4DA4-9607-F87F24835E2D}.Release|Any CPU.Build.0 = Release|Any CPU
	EndGlobalSection
	GlobalSection(SolutionProperties) = preSolution
		HideSolutionNode = FALSE
	EndGlobalSection
EndGlobal
